
Microsoft Visual Studio Solution File, Format Version 12.00
# Visual Studio Version 16
VisualStudioVersion = 16.0.30717.126
MinimumVisualStudioVersion = 10.0.40219.1
Project("{8BC9CEB8-8B4A-11D0-8D11-00A0C91BC942}") = "NOGO", "NOGO.vcxproj", "{0FE445CD-ECCF-4959-BA3B-7BAD4A3C99CE}"
EndProject
Global
	GlobalSection(SolutionConfigurationPlatforms) = preSolution
		Debug|x64 = Debug|x64
		Debug|x86 = Debug|x86
		Release|x64 = Release|x64
		Release|x86 = Release|x86
	EndGlobalSection
	GlobalSection(ProjectConfigurationPlatforms) = postSolution
		{0FE445CD-ECCF-4959-BA3B-7BAD4A3C99CE}.Debug|x64.ActiveCfg = Debug|x64
		{0FE445CD-ECCF-4959-BA3B-7BAD4A3C99CE}.Debug|x64.Build.0 = Debug|x64
		{0FE445CD-ECCF-4959-BA3B-7BAD4A3C99CE}.Debug|x86.ActiveCfg = Debug|Win32
		{0FE445CD-ECCF-4959-BA3B-7BAD4A3C99CE}.Debug|x86.Build.0 = Debug|Win32
		{0FE445CD-ECCF-4959-BA3B-7BAD4A3C99CE}.Release|x64.ActiveCfg = Release|x64
		{0FE445CD-ECCF-4959-BA3B-7BAD4A3C99CE}.Release|x64.Build.0 = Release|x64
		{0FE445CD-ECCF-4959-BA3B-7BAD4A3C99CE}.Release|x86.ActiveCfg = Release|Win32
		{0FE445CD-ECCF-4959-BA3B-7BAD4A3C99CE}.Release|x86.Build.0 = Release|Win32
	EndGlobalSection
	GlobalSection(SolutionProperties) = preSolution
		HideSolutionNode = FALSE
	EndGlobalSection
	GlobalSection(ExtensibilityGlobals) = postSolution
		SolutionGuid = {5341F44B-654D-4F98-B852-4A4E1D1CBFFE}
	EndGlobalSection
EndGlobal
